
Microsoft Visual Studio Solution File, Format Version 12.00
# Visual Studio Version 16
VisualStudioVersion = 16.0.31624.102
MinimumVisualStudioVersion = 10.0.40219.1
Project("{FAE04EC0-301F-11D3-BF4B-00C04F79EFBC}") = "rep", "rep\rep.csproj", "{350CD364-64A3-4C21-A06E-8BEE0A8702D4}"
EndProject
Global
	GlobalSection(SolutionConfigurationPlatforms) = preSolution
		Debug|Any CPU = Debug|Any CPU
		Release|Any CPU = Release|Any CPU
	EndGlobalSection
	GlobalSection(ProjectConfigurationPlatforms) = postSolution
		{350CD364-64A3-4C21-A06E-8BEE0A8702D4}.Debug|Any CPU.ActiveCfg = Debug|Any CPU
		{350CD364-64A3-4C21-A06E-8BEE0A8702D4}.Debug|Any CPU.Build.0 = Debug|Any CPU
		{350CD364-64A3-4C21-A06E-8BEE0A8702D4}.Release|Any CPU.ActiveCfg = Release|Any CPU
		{350CD364-64A3-4C21-A06E-8BEE0A8702D4}.Release|Any CPU.Build.0 = Release|Any CPU
	EndGlobalSection
	GlobalSection(SolutionProperties) = preSolution
		HideSolutionNode = FALSE
	EndGlobalSection
	GlobalSection(ExtensibilityGlobals) = postSolution
		SolutionGuid = {6B49302E-1C10-4DD1-87E7-486997069C67}
	EndGlobalSection
EndGlobal
